
Microsoft Visual Studio Solution File, Format Version 12.00
# Visual Studio Version 17
VisualStudioVersion = 17.8.34330.188
MinimumVisualStudioVersion = 10.0.40219.1
Project("{9A19103F-16F7-4668-BE54-9A1E7A4F7556}") = "NauticalCatchChallenge", "NauticalCatchChallenge.csproj", "{A786EAC3-A4B9-443A-8AF8-0D990F69C640}"
EndProject
Project("{9A19103F-16F7-4668-BE54-9A1E7A4F7556}") = "Railway", "..\Railway-Skeleton\Railway\Railway.csproj", "{D5C9BBF2-0586-44CB-B098-128096A86F98}"
EndProject
Project("{9A19103F-16F7-4668-BE54-9A1E7A4F7556}") = "Railway.Tests", "..\Railway-Skeleton\Railway.Tests\Railway.Tests.csproj", "{180B2AAF-87A5-41FE-BDF3-9D1A9506077E}"
EndProject
Global
	GlobalSection(SolutionConfigurationPlatforms) = preSolution
		Debug|Any CPU = Debug|Any CPU
		Release|Any CPU = Release|Any CPU
	EndGlobalSection
	GlobalSection(ProjectConfigurationPlatforms) = postSolution
		{A786EAC3-A4B9-443A-8AF8-0D990F69C640}.Debug|Any CPU.ActiveCfg = Debug|Any CPU
		{A786EAC3-A4B9-443A-8AF8-0D990F69C640}.Debug|Any CPU.Build.0 = Debug|Any CPU
		{A786EAC3-A4B9-443A-8AF8-0D990F69C640}.Release|Any CPU.ActiveCfg = Release|Any CPU
		{A786EAC3-A4B9-443A-8AF8-0D990F69C640}.Release|Any CPU.Build.0 = Release|Any CPU
		{D5C9BBF2-0586-44CB-B098-128096A86F98}.Debug|Any CPU.ActiveCfg = Debug|Any CPU
		{D5C9BBF2-0586-44CB-B098-128096A86F98}.Debug|Any CPU.Build.0 = Debug|Any CPU
		{D5C9BBF2-0586-44CB-B098-128096A86F98}.Release|Any CPU.ActiveCfg = Release|Any CPU
		{D5C9BBF2-0586-44CB-B098-128096A86F98}.Release|Any CPU.Build.0 = Release|Any CPU
		{180B2AAF-87A5-41FE-BDF3-9D1A9506077E}.Debug|Any CPU.ActiveCfg = Debug|Any CPU
		{180B2AAF-87A5-41FE-BDF3-9D1A9506077E}.Debug|Any CPU.Build.0 = Debug|Any CPU
		{180B2AAF-87A5-41FE-BDF3-9D1A9506077E}.Release|Any CPU.ActiveCfg = Release|Any CPU
		{180B2AAF-87A5-41FE-BDF3-9D1A9506077E}.Release|Any CPU.Build.0 = Release|Any CPU
	EndGlobalSection
	GlobalSection(SolutionProperties) = preSolution
		HideSolutionNode = FALSE
	EndGlobalSection
	GlobalSection(ExtensibilityGlobals) = postSolution
		SolutionGuid = {114521C3-CD1D-4680-89C3-7E09F7C82A8C}
	EndGlobalSection
EndGlobal
